<?xml version="1.0" encoding="utf-8"?>
<Project ToolsVersion="4.0" xmlns="http://schemas.microsoft.com/developer/msbuild/2003">
  <ItemGroup>
    <Filter Include="Source Files">
      <UniqueIdentifier>{4FC737F1-C7A5-4376-A066-2A32D752A2FF}</UniqueIdentifier>
      <Extensions>cpp;c;cc;cxx;def;odl;idl;hpj;bat;asm;asmx</Extensions>
    </Filter>
    <Filter Include="Header Files">
      <UniqueIdentifier>{93995380-89BD-4b04-88EB-625FBE52EBFB}</UniqueIdentifier>
      <Extensions>h;hpp;hxx;hm;inl;inc;xsd</Extensions>
    </Filter>
    <Filter Include="Resource Files">
      <UniqueIdentifier>{67DA6AB6-F800-4c08-8B7A-83BB121AAD01}</UniqueIdentifier>
      <Extensions>rc;ico;cur;bmp;dlg;rc2;rct;bin;rgs;gif;jpg;jpeg;jpe;resx;tiff;tif;png;wav;mfcribbon-ms</Extensions>
    </Filter>
    <Filter Include="Header Files\System">
      <UniqueIdentifier>{7cadb525-e67c-40f2-b9b2-d4736e8e2fd3}</UniqueIdentifier>
    </Filter>
    <Filter Include="Source Files\System">
      <UniqueIdentifier>{46170aea-e403-45cb-8dd8-1cf2fa3e5d93}</UniqueIdentifier>
    </Filter>
    <Filter Include="Header Files\Menu">
      <UniqueIdentifier>{5b83fb29-8a27-4664-88e5-06b5b2b2270f}</UniqueIdentifier>
    </Filter>
    <Filter Include="Source Files\Menu">
      <UniqueIdentifier>{3ca784a0-6f69-4f91-9c89-c983af13143b}</UniqueIdentifier>
    </Filter>
    <Filter Include="Resource Files\Sprites">
      <UniqueIdentifier>{ce7835f2-440f-4c26-8179-cfeab8cc49b4}</UniqueIdentifier>
    </Filter>
    <Filter Include="Resource Files\Fonts">
      <UniqueIdentifier>{eac5ef6b-a6dd-4363-b355-bc00c66fe6d0}</UniqueIdentifier>
    </Filter>
    <Filter Include="Source Files\LevelGenerator">
      <UniqueIdentifier>{e7d331a3-2b67-421c-b5fb-b4136e94221b}</UniqueIdentifier>
    </Filter>
    <Filter Include="Header Files\LevelGenerator">
      <UniqueIdentifier>{920bc149-ea5c-4d8d-9e61-f02d6932b84d}</UniqueIdentifier>
    </Filter>
    <Filter Include="Resource Files\Levels">
      <UniqueIdentifier>{64c8c8cc-2e69-4374-a559-d0ecbc8dc7da}</UniqueIdentifier>
    </Filter>
  </ItemGroup>
  <ItemGroup>
    <ClCompile Include="main.cpp">
      <Filter>Source Files</Filter>
    </ClCompile>
    <ClCompile Include="game.cpp">
      <Filter>Source Files</Filter>
    </ClCompile>
    <ClCompile Include="gameObject.cpp">
      <Filter>Source Files</Filter>
    </ClCompile>
    <ClCompile Include="marineObject.cpp">
      <Filter>Source Files</Filter>
    </ClCompile>
    <ClCompile Include="physicsObject.cpp">
      <Filter>Source Files</Filter>
    </ClCompile>
    <ClCompile Include="markerObject.cpp">
      <Filter>Source Files</Filter>
    </ClCompile>
    <ClCompile Include="unitObject.cpp">
      <Filter>Source Files</Filter>
    </ClCompile>
    <ClCompile Include="slicerObject.cpp">
      <Filter>Source Files</Filter>
    </ClCompile>
    <ClCompile Include="playerController.cpp">
      <Filter>Source Files</Filter>
    </ClCompile>
    <ClCompile Include="enemyController.cpp">
      <Filter>Source Files</Filter>
    </ClCompile>
    <ClCompile Include="camera.cpp">
      <Filter>Source Files\System</Filter>
    </ClCompile>
    <ClCompile Include="mouse.cpp">
      <Filter>Source Files\System</Filter>
    </ClCompile>
    <ClCompile Include="timer.cpp">
      <Filter>Source Files\System</Filter>
    </ClCompile>
    <ClCompile Include="system.cpp">
      <Filter>Source Files\System</Filter>
    </ClCompile>
    <ClCompile Include="menu.cpp">
      <Filter>Source Files\Menu</Filter>
    </ClCompile>
    <ClCompile Include="mainMenu.cpp">
      <Filter>Source Files\Menu</Filter>
    </ClCompile>
    <ClCompile Include="machineGunnerObject.cpp">
      <Filter>Source Files</Filter>
    </ClCompile>
    <ClCompile Include="spitterObject.cpp">
      <Filter>Source Files</Filter>
    </ClCompile>
    <ClCompile Include="healthBarObject.cpp">
      <Filter>Source Files</Filter>
    </ClCompile>
    <ClCompile Include="levelManager.cpp">
      <Filter>Source Files\LevelGenerator</Filter>
    </ClCompile>
    <ClCompile Include="level.cpp">
      <Filter>Source Files\LevelGenerator</Filter>
    </ClCompile>
    <ClCompile Include="tileObject.cpp">
      <Filter>Source Files\LevelGenerator</Filter>
    </ClCompile>
    <ClCompile Include="PathFinder.cpp">
      <Filter>Source Files</Filter>
    </ClCompile>
    <ClCompile Include="pathNode.cpp">
      <Filter>Source Files</Filter>
    </ClCompile>
    <ClCompile Include="medicObject.cpp">
      <Filter>Source Files</Filter>
    </ClCompile>
  </ItemGroup>
  <ItemGroup>
    <ClInclude Include="Game.h">
      <Filter>Header Files</Filter>
    </ClInclude>
    <ClInclude Include="GameObject.h">
      <Filter>Header Files</Filter>
    </ClInclude>
    <ClInclude Include="MarineObject.h">
      <Filter>Header Files</Filter>
    </ClInclude>
    <ClInclude Include="PhysicsObject.h">
      <Filter>Header Files</Filter>
    </ClInclude>
    <ClInclude Include="MarkerObject.h">
      <Filter>Header Files</Filter>
    </ClInclude>
    <ClInclude Include="UnitObject.h">
      <Filter>Header Files</Filter>
    </ClInclude>
    <ClInclude Include="SlicerObject.h">
      <Filter>Header Files</Filter>
    </ClInclude>
    <ClInclude Include="PlayerController.h">
      <Filter>Header Files</Filter>
    </ClInclude>
    <ClInclude Include="EnemyController.h">
      <Filter>Header Files</Filter>
    </ClInclude>
    <ClInclude Include="Camera.h">
      <Filter>Header Files\System</Filter>
    </ClInclude>
    <ClInclude Include="Mouse.h">
      <Filter>Header Files\System</Filter>
    </ClInclude>
    <ClInclude Include="System.h">
      <Filter>Header Files\System</Filter>
    </ClInclude>
    <ClInclude Include="Utillitys.h">
      <Filter>Header Files\System</Filter>
    </ClInclude>
    <ClInclude Include="Timer.h">
      <Filter>Header Files\System</Filter>
    </ClInclude>
    <ClInclude Include="Menu.h">
      <Filter>Header Files\Menu</Filter>
    </ClInclude>
    <ClInclude Include="MainMenu.h">
      <Filter>Header Files\Menu</Filter>
    </ClInclude>
    <ClInclude Include="MachineGunnerObject.h">
      <Filter>Header Files</Filter>
    </ClInclude>
    <ClInclude Include="SpitterObject.h">
      <Filter>Header Files</Filter>
    </ClInclude>
    <ClInclude Include="HealthBarObject.h">
      <Filter>Header Files</Filter>
    </ClInclude>
    <ClInclude Include="LevelManager.h">
      <Filter>Header Files\LevelGenerator</Filter>
    </ClInclude>
    <ClInclude Include="Level.h">
      <Filter>Header Files\LevelGenerator</Filter>
    </ClInclude>
    <ClInclude Include="TileObject.h">
      <Filter>Header Files\LevelGenerator</Filter>
    </ClInclude>
    <ClInclude Include="PathFinder.h">
      <Filter>Header Files</Filter>
    </ClInclude>
    <ClInclude Include="PathNode.h">
      <Filter>Header Files</Filter>
    </ClInclude>
    <ClInclude Include="MedicObject.h">
      <Filter>Header Files</Filter>
    </ClInclude>
  </ItemGroup>
  <ItemGroup>
    <None Include="Sprites\markers_sheet.bmp">
      <Filter>Resource Files\Sprites</Filter>
    </None>
    <None Include="..\Sprites\alien_sprites.bmp">
      <Filter>Resource Files\Sprites</Filter>
    </None>
    <None Include="Sprites\BackGround.bmp">
      <Filter>Resource Files\Sprites</Filter>
    </None>
    <None Include="..\Sprites\health_bar.bmp">
      <Filter>Resource Files\Sprites</Filter>
    </None>
    <None Include="..\Sprites\marine_sprites.bmp">
      <Filter>Resource Files\Sprites</Filter>
    </None>
    <None Include="Fonts\Title Font.TTF">
      <Filter>Resource Files\Fonts</Filter>
    </None>
    <None Include="Fonts\hyperion.ttf">
      <Filter>Resource Files\Fonts</Filter>
    </None>
    <None Include="Sprites\tile_sheet.bmp">
      <Filter>Resource Files\Sprites</Filter>
    </None>
    <None Include="Levels\levelOneFloor.txt">
      <Filter>Resource Files\Levels</Filter>
    </None>
    <None Include="Levels\levelOneWalls.txt">
      <Filter>Resource Files\Levels</Filter>
    </None>
    <None Include="Sprites\tile_sheet_temp.bmp">
      <Filter>Resource Files\Sprites</Filter>
    </None>
    <None Include="Levels\LevelTwoWalls.txt">
      <Filter>Resource Files\Levels</Filter>
    </None>
    <None Include="Levels\LevelTwoFloor.txt">
      <Filter>Resource Files\Levels</Filter>
    </None>
  </ItemGroup>
</Project>